schema: '2.0'
stages:
  data_cleaning:
    cmd: python -m src.data_cleaning
    deps:
    - path: data/raw/Music_Info.csv
      hash: md5
      md5: e63b74919a3cdada5c804df4666391c9
      size: 14985870
    - path: src/data_cleaning.py
      hash: md5
      md5: 945a505f745df0a6681c90f9637c706e
      size: 2030
    outs:
    - path: data/processed/cleaned_music_data.csv
      hash: md5
      md5: b5e99f8fcf0e54fa347c97490c779d67
      size: 13709636
  transform_data:
    cmd: python -m src.content_based_filtering
    deps:
    - path: data/processed/cleaned_music_data.csv
      hash: md5
      md5: b5e99f8fcf0e54fa347c97490c779d67
      size: 13709636
    - path: src/content_based_filtering.py
      hash: md5
      md5: eb150d6b50aff30f89025a216e6da48a
      size: 6513
    - path: src/data_cleaning.py
      hash: md5
      md5: 945a505f745df0a6681c90f9637c706e
      size: 2030
    outs:
    - path: data/processed/transformed_data.npz
      hash: md5
      md5: f32fa1890a52bed4fe44aaac84bf5815
      size: 4522794
    - path: models/nearest_neighbor_cbf.joblib
      hash: md5
      md5: b47da039a88c3730366db622dbc0ffd3
      size: 11098462
    - path: transformer.joblib
      hash: md5
      md5: 23fdabf0b0001b5b593f8466a3718ff3
      size: 135357
  interaction_data:
    cmd: python -m src.collaborative_filtering
    deps:
    - path: data/processed/cleaned_music_data.csv
      hash: md5
      md5: b5e99f8fcf0e54fa347c97490c779d67
      size: 13709636
    - path: data/raw/User_Listening_History.csv
      hash: md5
      md5: 00a94e837d3d7091ba48b31c63920271
      size: 602514824
    - path: src/collaborative_filtering.py
      hash: md5
      md5: 91ae9b6ecbde7945eae0381bb06c6382
      size: 4837
    outs:
    - path: data/processed/collab_filtered_data.csv
      hash: md5
      md5: c0fc661e2f86835ab81094d000285e93
      size: 8259927
    - path: data/processed/interaction_matrix.npz
      hash: md5
      md5: 2bbd6d6251b8fd06a02a3300d372a2a0
      size: 32311115
    - path: data/processed/track_ids.npy
      hash: md5
      md5: 2b98965823457fdb6526d3c5df182d03
      size: 640016
  transformed_filtered_data:
    cmd: python -m src.transform_filtered_data
    deps:
    - path: data/processed/collab_filtered_data.csv
      hash: md5
      md5: c0fc661e2f86835ab81094d000285e93
      size: 8259927
    - path: src/transform_filtered_data.py
      hash: md5
      md5: 2a84ad7c8ebd4166255ddf2125e8219b
      size: 779
    outs:
    - path: data/processed/transformed_hybrid_data.npz
      hash: md5
      md5: ef1c852c55cafa1102c63bd914f2b568
      size: 2735862
