schema: '2.0'
stages:
  data_cleaning:
    cmd: python -m src.data_cleaning
    deps:
    - path: data/raw/Music_Info.csv
      hash: md5
      md5: e63b74919a3cdada5c804df4666391c9
      size: 14985870
    - path: src/data_cleaning.py
      hash: md5
      md5: 945a505f745df0a6681c90f9637c706e
      size: 2030
    outs:
    - path: data/processed/cleaned_music_data.csv
      hash: md5
      md5: b5e99f8fcf0e54fa347c97490c779d67
      size: 13709636
  transform_data:
    cmd: python -m src.content_based_filtering
    deps:
    - path: data/processed/cleaned_music_data.csv
      hash: md5
      md5: b5e99f8fcf0e54fa347c97490c779d67
      size: 13709636
    - path: src/content_based_filtering.py
      hash: md5
      md5: c1eb422dd7fc850c9d90fcc8aedfa94c
      size: 6299
    - path: src/data_cleaning.py
      hash: md5
      md5: 945a505f745df0a6681c90f9637c706e
      size: 2030
    outs:
    - path: data/processed/transformed_data.npz
      hash: md5
      md5: f32fa1890a52bed4fe44aaac84bf5815
      size: 4522794
    - path: models/nearest_neighbor.joblib
      hash: md5
      md5: b47da039a88c3730366db622dbc0ffd3
      size: 11098462
    - path: transformer.joblib
      hash: md5
      md5: fd5e13bcb93d8824100f596ec9bd1628
      size: 135357
